
Microsoft Visual Studio Solution File, Format Version 12.00
# Visual Studio Version 17
VisualStudioVersion = 17.9.34310.174
MinimumVisualStudioVersion = 10.0.40219.1
Project("{8BC9CEB8-8B4A-11D0-8D11-00A0C91BC942}") = "Day1", "Day1\Day1.vcxproj", "{4BAC5FB6-1001-4260-82E1-B2D7FF522ADC}"
EndProject
Project("{8BC9CEB8-8B4A-11D0-8D11-00A0C91BC942}") = "Day2", "Day2\Day2.vcxproj", "{7F53D3BF-C4AA-4576-9AD2-0554C6627953}"
EndProject
Project("{8BC9CEB8-8B4A-11D0-8D11-00A0C91BC942}") = "Day3", "Day3\Day3.vcxproj", "{A9DB6FE8-30BD-4BFE-89C2-D4B778339C42}"
EndProject
Project("{8BC9CEB8-8B4A-11D0-8D11-00A0C91BC942}") = "Day4", "Day4\Day4.vcxproj", "{D25A7446-AC30-4764-80B4-1B786EFD8C30}"
EndProject
Global
	GlobalSection(SolutionConfigurationPlatforms) = preSolution
		Debug|x64 = Debug|x64
		Debug|x86 = Debug|x86
		Release|x64 = Release|x64
		Release|x86 = Release|x86
	EndGlobalSection
	GlobalSection(ProjectConfigurationPlatforms) = postSolution
		{4BAC5FB6-1001-4260-82E1-B2D7FF522ADC}.Debug|x64.ActiveCfg = Debug|x64
		{4BAC5FB6-1001-4260-82E1-B2D7FF522ADC}.Debug|x64.Build.0 = Debug|x64
		{4BAC5FB6-1001-4260-82E1-B2D7FF522ADC}.Debug|x86.ActiveCfg = Debug|Win32
		{4BAC5FB6-1001-4260-82E1-B2D7FF522ADC}.Debug|x86.Build.0 = Debug|Win32
		{4BAC5FB6-1001-4260-82E1-B2D7FF522ADC}.Release|x64.ActiveCfg = Release|x64
		{4BAC5FB6-1001-4260-82E1-B2D7FF522ADC}.Release|x64.Build.0 = Release|x64
		{4BAC5FB6-1001-4260-82E1-B2D7FF522ADC}.Release|x86.ActiveCfg = Release|Win32
		{4BAC5FB6-1001-4260-82E1-B2D7FF522ADC}.Release|x86.Build.0 = Release|Win32
		{7F53D3BF-C4AA-4576-9AD2-0554C6627953}.Debug|x64.ActiveCfg = Debug|x64
		{7F53D3BF-C4AA-4576-9AD2-0554C6627953}.Debug|x64.Build.0 = Debug|x64
		{7F53D3BF-C4AA-4576-9AD2-0554C6627953}.Debug|x86.ActiveCfg = Debug|Win32
		{7F53D3BF-C4AA-4576-9AD2-0554C6627953}.Debug|x86.Build.0 = Debug|Win32
		{7F53D3BF-C4AA-4576-9AD2-0554C6627953}.Release|x64.ActiveCfg = Release|x64
		{7F53D3BF-C4AA-4576-9AD2-0554C6627953}.Release|x64.Build.0 = Release|x64
		{7F53D3BF-C4AA-4576-9AD2-0554C6627953}.Release|x86.ActiveCfg = Release|Win32
		{7F53D3BF-C4AA-4576-9AD2-0554C6627953}.Release|x86.Build.0 = Release|Win32
		{A9DB6FE8-30BD-4BFE-89C2-D4B778339C42}.Debug|x64.ActiveCfg = Debug|x64
		{A9DB6FE8-30BD-4BFE-89C2-D4B778339C42}.Debug|x64.Build.0 = Debug|x64
		{A9DB6FE8-30BD-4BFE-89C2-D4B778339C42}.Debug|x86.ActiveCfg = Debug|Win32
		{A9DB6FE8-30BD-4BFE-89C2-D4B778339C42}.Debug|x86.Build.0 = Debug|Win32
		{A9DB6FE8-30BD-4BFE-89C2-D4B778339C42}.Release|x64.ActiveCfg = Release|x64
		{A9DB6FE8-30BD-4BFE-89C2-D4B778339C42}.Release|x64.Build.0 = Release|x64
		{A9DB6FE8-30BD-4BFE-89C2-D4B778339C42}.Release|x86.ActiveCfg = Release|Win32
		{A9DB6FE8-30BD-4BFE-89C2-D4B778339C42}.Release|x86.Build.0 = Release|Win32
		{D25A7446-AC30-4764-80B4-1B786EFD8C30}.Debug|x64.ActiveCfg = Debug|x64
		{D25A7446-AC30-4764-80B4-1B786EFD8C30}.Debug|x64.Build.0 = Debug|x64
		{D25A7446-AC30-4764-80B4-1B786EFD8C30}.Debug|x86.ActiveCfg = Debug|Win32
		{D25A7446-AC30-4764-80B4-1B786EFD8C30}.Debug|x86.Build.0 = Debug|Win32
		{D25A7446-AC30-4764-80B4-1B786EFD8C30}.Release|x64.ActiveCfg = Release|x64
		{D25A7446-AC30-4764-80B4-1B786EFD8C30}.Release|x64.Build.0 = Release|x64
		{D25A7446-AC30-4764-80B4-1B786EFD8C30}.Release|x86.ActiveCfg = Release|Win32
		{D25A7446-AC30-4764-80B4-1B786EFD8C30}.Release|x86.Build.0 = Release|Win32
	EndGlobalSection
	GlobalSection(SolutionProperties) = preSolution
		HideSolutionNode = FALSE
	EndGlobalSection
	GlobalSection(ExtensibilityGlobals) = postSolution
		SolutionGuid = {03B205CD-8ECF-4528-8B6D-61FE2AA7DA34}
	EndGlobalSection
EndGlobal
